// !$*UTF8*$!
{
	archiveVersion = 1;
	classes = {
	};
	objectVersion = 55;
	objects = {

/* Begin PBXBuildFile section */
		0948AF472887E537000D2F8D /* AppDelegate.swift in Sources */ = {isa = PBXBuildFile; fileRef = 0948AF462887E537000D2F8D /* AppDelegate.swift */; };
		0948AF492887E537000D2F8D /* SceneDelegate.swift in Sources */ = {isa = PBXBuildFile; fileRef = 0948AF482887E537000D2F8D /* SceneDelegate.swift */; };
		0948AF4E2887E537000D2F8D /* Main.storyboard in Resources */ = {isa = PBXBuildFile; fileRef = 0948AF4C2887E537000D2F8D /* Main.storyboard */; };
		0948AF502887E53B000D2F8D /* Assets.xcassets in Resources */ = {isa = PBXBuildFile; fileRef = 0948AF4F2887E53B000D2F8D /* Assets.xcassets */; };
		0948AF532887E53B000D2F8D /* LaunchScreen.storyboard in Resources */ = {isa = PBXBuildFile; fileRef = 0948AF512887E53B000D2F8D /* LaunchScreen.storyboard */; };
		09FBC8962887EB3F0030A1C1 /* PersonsListViewController.swift in Sources */ = {isa = PBXBuildFile; fileRef = 09FBC8952887EB3F0030A1C1 /* PersonsListViewController.swift */; };
		09FBC89B2887ED2E0030A1C1 /* Person.swift in Sources */ = {isa = PBXBuildFile; fileRef = 09FBC89A2887ED2E0030A1C1 /* Person.swift */; };
		09FBC89D2887ED5A0030A1C1 /* DataStore.swift in Sources */ = {isa = PBXBuildFile; fileRef = 09FBC89C2887ED5A0030A1C1 /* DataStore.swift */; };
		09FBC8A128882C9B0030A1C1 /* TabBarViewController.swift in Sources */ = {isa = PBXBuildFile; fileRef = 09FBC8A028882C9B0030A1C1 /* TabBarViewController.swift */; };
		09FBC8A3288830950030A1C1 /* PersonDetailsViewController.swift in Sources */ = {isa = PBXBuildFile; fileRef = 09FBC8A2288830950030A1C1 /* PersonDetailsViewController.swift */; };
		09FBC8A52888330D0030A1C1 /* PersonsListDetailedViewController.swift in Sources */ = {isa = PBXBuildFile; fileRef = 09FBC8A42888330D0030A1C1 /* PersonsListDetailedViewController.swift */; };
/* End PBXBuildFile section */

/* Begin PBXFileReference section */
		0948AF432887E537000D2F8D /* ContactListApp.app */ = {isa = PBXFileReference; explicitFileType = wrapper.application; includeInIndex = 0; path = ContactListApp.app; sourceTree = BUILT_PRODUCTS_DIR; };
		0948AF462887E537000D2F8D /* AppDelegate.swift */ = {isa = PBXFileReference; lastKnownFileType = sourcecode.swift; path = AppDelegate.swift; sourceTree = "<group>"; };
		0948AF482887E537000D2F8D /* SceneDelegate.swift */ = {isa = PBXFileReference; lastKnownFileType = sourcecode.swift; path = SceneDelegate.swift; sourceTree = "<group>"; };
		0948AF4D2887E537000D2F8D /* Base */ = {isa = PBXFileReference; lastKnownFileType = file.storyboard; name = Base; path = Base.lproj/Main.storyboard; sourceTree = "<group>"; };
		0948AF4F2887E53B000D2F8D /* Assets.xcassets */ = {isa = PBXFileReference; lastKnownFileType = folder.assetcatalog; path = Assets.xcassets; sourceTree = "<group>"; };
		0948AF522887E53B000D2F8D /* Base */ = {isa = PBXFileReference; lastKnownFileType = file.storyboard; name = Base; path = Base.lproj/LaunchScreen.storyboard; sourceTree = "<group>"; };
		0948AF542887E53B000D2F8D /* Info.plist */ = {isa = PBXFileReference; lastKnownFileType = text.plist.xml; path = Info.plist; sourceTree = "<group>"; };
		09FBC8952887EB3F0030A1C1 /* PersonsListViewController.swift */ = {isa = PBXFileReference; lastKnownFileType = sourcecode.swift; path = PersonsListViewController.swift; sourceTree = "<group>"; };
		09FBC89A2887ED2E0030A1C1 /* Person.swift */ = {isa = PBXFileReference; fileEncoding = 4; lastKnownFileType = sourcecode.swift; path = Person.swift; sourceTree = "<group>"; };
		09FBC89C2887ED5A0030A1C1 /* DataStore.swift */ = {isa = PBXFileReference; lastKnownFileType = sourcecode.swift; path = DataStore.swift; sourceTree = "<group>"; };
		09FBC8A028882C9B0030A1C1 /* TabBarViewController.swift */ = {isa = PBXFileReference; lastKnownFileType = sourcecode.swift; path = TabBarViewController.swift; sourceTree = "<group>"; };
		09FBC8A2288830950030A1C1 /* PersonDetailsViewController.swift */ = {isa = PBXFileReference; lastKnownFileType = sourcecode.swift; path = PersonDetailsViewController.swift; sourceTree = "<group>"; };
		09FBC8A42888330D0030A1C1 /* PersonsListDetailedViewController.swift */ = {isa = PBXFileReference; lastKnownFileType = sourcecode.swift; path = PersonsListDetailedViewController.swift; sourceTree = "<group>"; };
/* End PBXFileReference section */

/* Begin PBXFrameworksBuildPhase section */
		0948AF402887E537000D2F8D /* Frameworks */ = {
			isa = PBXFrameworksBuildPhase;
			buildActionMask = 2147483647;
			files = (
			);
			runOnlyForDeploymentPostprocessing = 0;
		};
/* End PBXFrameworksBuildPhase section */

/* Begin PBXGroup section */
		0948AF3A2887E537000D2F8D = {
			isa = PBXGroup;
			children = (
				0948AF452887E537000D2F8D /* ContactListApp */,
				0948AF442887E537000D2F8D /* Products */,
			);
			sourceTree = "<group>";
		};
		0948AF442887E537000D2F8D /* Products */ = {
			isa = PBXGroup;
			children = (
				0948AF432887E537000D2F8D /* ContactListApp.app */,
			);
			name = Products;
			sourceTree = "<group>";
		};
		0948AF452887E537000D2F8D /* ContactListApp */ = {
			isa = PBXGroup;
			children = (
				0948AF5B2887E5C2000D2F8D /* ViewControllers */,
				0948AF5A2887E5B1000D2F8D /* Storyboards */,
				09FBC8992887ECDC0030A1C1 /* Person */,
				0948AF4F2887E53B000D2F8D /* Assets.xcassets */,
				0948AF542887E53B000D2F8D /* Info.plist */,
				0948AF462887E537000D2F8D /* AppDelegate.swift */,
				0948AF482887E537000D2F8D /* SceneDelegate.swift */,
			);
			path = ContactListApp;
			sourceTree = "<group>";
		};
		0948AF5A2887E5B1000D2F8D /* Storyboards */ = {
			isa = PBXGroup;
			children = (
				0948AF4C2887E537000D2F8D /* Main.storyboard */,
				0948AF512887E53B000D2F8D /* LaunchScreen.storyboard */,
			);
			path = Storyboards;
			sourceTree = "<group>";
		};
		0948AF5B2887E5C2000D2F8D /* ViewControllers */ = {
			isa = PBXGroup;
			children = (
				09FBC8A028882C9B0030A1C1 /* TabBarViewController.swift */,
				09FBC8952887EB3F0030A1C1 /* PersonsListViewController.swift */,
				09FBC8A2288830950030A1C1 /* PersonDetailsViewController.swift */,
				09FBC8A42888330D0030A1C1 /* PersonsListDetailedViewController.swift */,
			);
			path = ViewControllers;
			sourceTree = "<group>";
		};
		09FBC8992887ECDC0030A1C1 /* Person */ = {
			isa = PBXGroup;
			children = (
				09FBC89A2887ED2E0030A1C1 /* Person.swift */,
				09FBC89C2887ED5A0030A1C1 /* DataStore.swift */,
			);
			path = Person;
			sourceTree = "<group>";
		};
/* End PBXGroup section */

/* Begin PBXNativeTarget section */
		0948AF422887E537000D2F8D /* ContactListApp */ = {
			isa = PBXNativeTarget;
			buildConfigurationList = 0948AF572887E53B000D2F8D /* Build configuration list for PBXNativeTarget "ContactListApp" */;
			buildPhases = (
				0948AF3F2887E537000D2F8D /* Sources */,
				0948AF402887E537000D2F8D /* Frameworks */,
				0948AF412887E537000D2F8D /* Resources */,
			);
			buildRules = (
			);
			dependencies = (
			);
			name = ContactListApp;
			productName = ContacListApp;
			productReference = 0948AF432887E537000D2F8D /* ContactListApp.app */;
			productType = "com.apple.product-type.application";
		};
/* End PBXNativeTarget section */

/* Begin PBXProject section */
		0948AF3B2887E537000D2F8D /* Project object */ = {
			isa = PBXProject;
			attributes = {
				BuildIndependentTargetsInParallel = 1;
				LastSwiftUpdateCheck = 1340;
				LastUpgradeCheck = 1340;
				TargetAttributes = {
					0948AF422887E537000D2F8D = {
						CreatedOnToolsVersion = 13.4.1;
					};
				};
			};
			buildConfigurationList = 0948AF3E2887E537000D2F8D /* Build configuration list for PBXProject "ContactListApp" */;
			compatibilityVersion = "Xcode 13.0";
			developmentRegion = en;
			hasScannedForEncodings = 0;
			knownRegions = (
				en,
				Base,
			);
			mainGroup = 0948AF3A2887E537000D2F8D;
			productRefGroup = 0948AF442887E537000D2F8D /* Products */;
			projectDirPath = "";
			projectRoot = "";
			targets = (
				0948AF422887E537000D2F8D /* ContactListApp */,
			);
		};
/* End PBXProject section */

/* Begin PBXResourcesBuildPhase section */
		0948AF412887E537000D2F8D /* Resources */ = {
			isa = PBXResourcesBuildPhase;
			buildActionMask = 2147483647;
			files = (
				0948AF532887E53B000D2F8D /* LaunchScreen.storyboard in Resources */,
				0948AF502887E53B000D2F8D /* Assets.xcassets in Resources */,
				0948AF4E2887E537000D2F8D /* Main.storyboard in Resources */,
			);
			runOnlyForDeploymentPostprocessing = 0;
		};
/* End PBXResourcesBuildPhase section */

/* Begin PBXSourcesBuildPhase section */
		0948AF3F2887E537000D2F8D /* Sources */ = {
			isa = PBXSourcesBuildPhase;
			buildActionMask = 2147483647;
			files = (
				0948AF472887E537000D2F8D /* AppDelegate.swift in Sources */,
				09FBC8962887EB3F0030A1C1 /* PersonsListViewController.swift in Sources */,
				09FBC89B2887ED2E0030A1C1 /* Person.swift in Sources */,
				09FBC8A52888330D0030A1C1 /* PersonsListDetailedViewController.swift in Sources */,
				09FBC8A128882C9B0030A1C1 /* TabBarViewController.swift in Sources */,
				09FBC89D2887ED5A0030A1C1 /* DataStore.swift in Sources */,
				0948AF492887E537000D2F8D /* SceneDelegate.swift in Sources */,
				09FBC8A3288830950030A1C1 /* PersonDetailsViewController.swift in Sources */,
			);
			runOnlyForDeploymentPostprocessing = 0;
		};
/* End PBXSourcesBuildPhase section */

/* Begin PBXVariantGroup section */
		0948AF4C2887E537000D2F8D /* Main.storyboard */ = {
			isa = PBXVariantGroup;
			children = (
				0948AF4D2887E537000D2F8D /* Base */,
			);
			name = Main.storyboard;
			sourceTree = "<group>";
		};
		0948AF512887E53B000D2F8D /* LaunchScreen.storyboard */ = {
			isa = PBXVariantGroup;
			children = (
				0948AF522887E53B000D2F8D /* Base */,
			);
			name = LaunchScreen.storyboard;
			sourceTree = "<group>";
		};
/* End PBXVariantGroup section */

/* Begin XCBuildConfiguration section */
		0948AF552887E53B000D2F8D /* Debug */ = {
			isa = XCBuildConfiguration;
			buildSettings = {
				ALWAYS_SEARCH_USER_PATHS = NO;
				CLANG_ANALYZER_NONNULL = YES;
				CLANG_ANALYZER_NUMBER_OBJECT_CONVERSION = YES_AGGRESSIVE;
				CLANG_CXX_LANGUAGE_STANDARD = "gnu++17";
				CLANG_ENABLE_MODULES = YES;
				CLANG_ENABLE_OBJC_ARC = YES;
				CLANG_ENABLE_OBJC_WEAK = YES;
				CLANG_WARN_BLOCK_CAPTURE_AUTORELEASING = YES;
				CLANG_WARN_BOOL_CONVERSION = YES;
				CLANG_WARN_COMMA = YES;
				CLANG_WARN_CONSTANT_CONVERSION = YES;
				CLANG_WARN_DEPRECATED_OBJC_IMPLEMENTATIONS = YES;
				CLANG_WARN_DIRECT_OBJC_ISA_USAGE = YES_ERROR;
				CLANG_WARN_DOCUMENTATION_COMMENTS = YES;
				CLANG_WARN_EMPTY_BODY = YES;
				CLANG_WARN_ENUM_CONVERSION = YES;
				CLANG_WARN_INFINITE_RECURSION = YES;
				CLANG_WARN_INT_CONVERSION = YES;
				CLANG_WARN_NON_LITERAL_NULL_CONVERSION = YES;
				CLANG_WARN_OBJC_IMPLICIT_RETAIN_SELF = YES;
				CLANG_WARN_OBJC_LITERAL_CONVERSION = YES;
				CLANG_WARN_OBJC_ROOT_CLASS = YES_ERROR;
				CLANG_WARN_QUOTED_INCLUDE_IN_FRAMEWORK_HEADER = YES;
				CLANG_WARN_RANGE_LOOP_ANALYSIS = YES;
				CLANG_WARN_STRICT_PROTOTYPES = YES;
				CLANG_WARN_SUSPICIOUS_MOVE = YES;
				CLANG_WARN_UNGUARDED_AVAILABILITY = YES_AGGRESSIVE;
				CLANG_WARN_UNREACHABLE_CODE = YES;
				CLANG_WARN__DUPLICATE_METHOD_MATCH = YES;
				COPY_PHASE_STRIP = NO;
				DEBUG_INFORMATION_FORMAT = dwarf;
				ENABLE_STRICT_OBJC_MSGSEND = YES;
				ENABLE_TESTABILITY = YES;
				GCC_C_LANGUAGE_STANDARD = gnu11;
				GCC_DYNAMIC_NO_PIC = NO;
				GCC_NO_COMMON_BLOCKS = YES;
				GCC_OPTIMIZATION_LEVEL = 0;
				GCC_PREPROCESSOR_DEFINITIONS = (
					"DEBUG=1",
					"$(inherited)",
				);
				GCC_WARN_64_TO_32_BIT_CONVERSION = YES;
				GCC_WARN_ABOUT_RETURN_TYPE = YES_ERROR;
				GCC_WARN_UNDECLARED_SELECTOR = YES;
				GCC_WARN_UNINITIALIZED_AUTOS = YES_AGGRESSIVE;
				GCC_WARN_UNUSED_FUNCTION = YES;
				GCC_WARN_UNUSED_VARIABLE = YES;
				IPHONEOS_DEPLOYMENT_TARGET = 15.5;
				MTL_ENABLE_DEBUG_INFO = INCLUDE_SOURCE;
				MTL_FAST_MATH = YES;
				ONLY_ACTIVE_ARCH = YES;
				SDKROOT = iphoneos;
				SWIFT_ACTIVE_COMPILATION_CONDITIONS = DEBUG;
				SWIFT_OPTIMIZATION_LEVEL = "-Onone";
			};
			name = Debug;
		};
		0948AF562887E53B000D2F8D /* Release */ = {
			isa = XCBuildConfiguration;
			buildSettings = {
				ALWAYS_SEARCH_USER_PATHS = NO;
				CLANG_ANALYZER_NONNULL = YES;
				CLANG_ANALYZER_NUMBER_OBJECT_CONVERSION = YES_AGGRESSIVE;
				CLANG_CXX_LANGUAGE_STANDARD = "gnu++17";
				CLANG_ENABLE_MODULES = YES;
				CLANG_ENABLE_OBJC_ARC = YES;
				CLANG_ENABLE_OBJC_WEAK = YES;
				CLANG_WARN_BLOCK_CAPTURE_AUTORELEASING = YES;
				CLANG_WARN_BOOL_CONVERSION = YES;
				CLANG_WARN_COMMA = YES;
				CLANG_WARN_CONSTANT_CONVERSION = YES;
				CLANG_WARN_DEPRECATED_OBJC_IMPLEMENTATIONS = YES;
				CLANG_WARN_DIRECT_OBJC_ISA_USAGE = YES_ERROR;
				CLANG_WARN_DOCUMENTATION_COMMENTS = YES;
				CLANG_WARN_EMPTY_BODY = YES;
				CLANG_WARN_ENUM_CONVERSION = YES;
				CLANG_WARN_INFINITE_RECURSION = YES;
				CLANG_WARN_INT_CONVERSION = YES;
				CLANG_WARN_NON_LITERAL_NULL_CONVERSION = YES;
				CLANG_WARN_OBJC_IMPLICIT_RETAIN_SELF = YES;
				CLANG_WARN_OBJC_LITERAL_CONVERSION = YES;
				CLANG_WARN_OBJC_ROOT_CLASS = YES_ERROR;
				CLANG_WARN_QUOTED_INCLUDE_IN_FRAMEWORK_HEADER = YES;
				CLANG_WARN_RANGE_LOOP_ANALYSIS = YES;
				CLANG_WARN_STRICT_PROTOTYPES = YES;
				CLANG_WARN_SUSPICIOUS_MOVE = YES;
				CLANG_WARN_UNGUARDED_AVAILABILITY = YES_AGGRESSIVE;
				CLANG_WARN_UNREACHABLE_CODE = YES;
				CLANG_WARN__DUPLICATE_METHOD_MATCH = YES;
				COPY_PHASE_STRIP = NO;
				DEBUG_INFORMATION_FORMAT = "dwarf-with-dsym";
				ENABLE_NS_ASSERTIONS = NO;
				ENABLE_STRICT_OBJC_MSGSEND = YES;
				GCC_C_LANGUAGE_STANDARD = gnu11;
				GCC_NO_COMMON_BLOCKS = YES;
				GCC_WARN_64_TO_32_BIT_CONVERSION = YES;
				GCC_WARN_ABOUT_RETURN_TYPE = YES_ERROR;
				GCC_WARN_UNDECLARED_SELECTOR = YES;
				GCC_WARN_UNINITIALIZED_AUTOS = YES_AGGRESSIVE;
				GCC_WARN_UNUSED_FUNCTION = YES;
				GCC_WARN_UNUSED_VARIABLE = YES;
				IPHONEOS_DEPLOYMENT_TARGET = 15.5;
				MTL_ENABLE_DEBUG_INFO = NO;
				MTL_FAST_MATH = YES;
				SDKROOT = iphoneos;
				SWIFT_COMPILATION_MODE = wholemodule;
				SWIFT_OPTIMIZATION_LEVEL = "-O";
				VALIDATE_PRODUCT = YES;
			};
			name = Release;
		};
		0948AF582887E53B000D2F8D /* Debug */ = {
			isa = XCBuildConfiguration;
			buildSettings = {
				ASSETCATALOG_COMPILER_APPICON_NAME = AppIcon;
				ASSETCATALOG_COMPILER_GLOBAL_ACCENT_COLOR_NAME = AccentColor;
				CODE_SIGN_STYLE = Automatic;
				CURRENT_PROJECT_VERSION = 1;
				DEVELOPMENT_TEAM = 27TK5C5WMS;
				GENERATE_INFOPLIST_FILE = YES;
				INFOPLIST_FILE = ContactListApp/Info.plist;
				INFOPLIST_KEY_UIApplicationSupportsIndirectInputEvents = YES;
				INFOPLIST_KEY_UILaunchStoryboardName = LaunchScreen;
				INFOPLIST_KEY_UIMainStoryboardFile = Main;
				INFOPLIST_KEY_UISupportedInterfaceOrientations_iPad = "UIInterfaceOrientationPortrait UIInterfaceOrientationPortraitUpsideDown UIInterfaceOrientationLandscapeLeft UIInterfaceOrientationLandscapeRight";
				INFOPLIST_KEY_UISupportedInterfaceOrientations_iPhone = "UIInterfaceOrientationPortrait UIInterfaceOrientationLandscapeLeft UIInterfaceOrientationLandscapeRight";
				LD_RUNPATH_SEARCH_PATHS = (
					"$(inherited)",
					"@executable_path/Frameworks",
				);
				MARKETING_VERSION = 1.0;
				PRODUCT_BUNDLE_IDENTIFIER = ilya.ContactListApp;
				PRODUCT_NAME = "$(TARGET_NAME)";
				SWIFT_EMIT_LOC_STRINGS = YES;
				SWIFT_VERSION = 5.0;
				TARGETED_DEVICE_FAMILY = 1;
			};
			name = Debug;
		};
		0948AF592887E53B000D2F8D /* Release */ = {
			isa = XCBuildConfiguration;
			buildSettings = {
				ASSETCATALOG_COMPILER_APPICON_NAME = AppIcon;
				ASSETCATALOG_COMPILER_GLOBAL_ACCENT_COLOR_NAME = AccentColor;
				CODE_SIGN_STYLE = Automatic;
				CURRENT_PROJECT_VERSION = 1;
				DEVELOPMENT_TEAM = 27TK5C5WMS;
				GENERATE_INFOPLIST_FILE = YES;
				INFOPLIST_FILE = ContactListApp/Info.plist;
				INFOPLIST_KEY_UIApplicationSupportsIndirectInputEvents = YES;
				INFOPLIST_KEY_UILaunchStoryboardName = LaunchScreen;
				INFOPLIST_KEY_UIMainStoryboardFile = Main;
				INFOPLIST_KEY_UISupportedInterfaceOrientations_iPad = "UIInterfaceOrientationPortrait UIInterfaceOrientationPortraitUpsideDown UIInterfaceOrientationLandscapeLeft UIInterfaceOrientationLandscapeRight";
				INFOPLIST_KEY_UISupportedInterfaceOrientations_iPhone = "UIInterfaceOrientationPortrait UIInterfaceOrientationLandscapeLeft UIInterfaceOrientationLandscapeRight";
				LD_RUNPATH_SEARCH_PATHS = (
					"$(inherited)",
					"@executable_path/Frameworks",
				);
				MARKETING_VERSION = 1.0;
				PRODUCT_BUNDLE_IDENTIFIER = ilya.ContactListApp;
				PRODUCT_NAME = "$(TARGET_NAME)";
				SWIFT_EMIT_LOC_STRINGS = YES;
				SWIFT_VERSION = 5.0;
				TARGETED_DEVICE_FAMILY = 1;
			};
			name = Release;
		};
/* End XCBuildConfiguration section */

/* Begin XCConfigurationList section */
		0948AF3E2887E537000D2F8D /* Build configuration list for PBXProject "ContactListApp" */ = {
			isa = XCConfigurationList;
			buildConfigurations = (
				0948AF552887E53B000D2F8D /* Debug */,
				0948AF562887E53B000D2F8D /* Release */,
			);
			defaultConfigurationIsVisible = 0;
			defaultConfigurationName = Release;
		};
		0948AF572887E53B000D2F8D /* Build configuration list for PBXNativeTarget "ContactListApp" */ = {
			isa = XCConfigurationList;
			buildConfigurations = (
				0948AF582887E53B000D2F8D /* Debug */,
				0948AF592887E53B000D2F8D /* Release */,
			);
			defaultConfigurationIsVisible = 0;
			defaultConfigurationName = Release;
		};
/* End XCConfigurationList section */
	};
	rootObject = 0948AF3B2887E537000D2F8D /* Project object */;
}
